
Microsoft Visual Studio Solution File, Format Version 12.00
# Visual Studio Version 17
VisualStudioVersion = 17.5.2.0
MinimumVisualStudioVersion = 10.0.40219.1
Project("{FAE04EC0-301F-11D3-BF4B-00C04F79EFBC}") = "MusicLibrary.Core", "MusicLibrary.Core\MusicLibrary.Core.csproj", "{E79681E7-5029-0421-4AA5-2C0A7DA72D75}"
EndProject
Project("{FAE04EC0-301F-11D3-BF4B-00C04F79EFBC}") = "MusicLibrary.Core.Tests", "MusicLibrary.Core.Tests\MusicLibrary.Core.Tests.csproj", "{808CA1B5-3F29-42E0-AEF9-6B227FB4F3F5}"
EndProject
Global
	GlobalSection(SolutionConfigurationPlatforms) = preSolution
		Debug|Any CPU = Debug|Any CPU
		Debug|x64 = Debug|x64
		Debug|x86 = Debug|x86
		Release|Any CPU = Release|Any CPU
		Release|x64 = Release|x64
		Release|x86 = Release|x86
	EndGlobalSection
	GlobalSection(ProjectConfigurationPlatforms) = postSolution
		{E79681E7-5029-0421-4AA5-2C0A7DA72D75}.Debug|Any CPU.ActiveCfg = Debug|Any CPU
		{E79681E7-5029-0421-4AA5-2C0A7DA72D75}.Debug|Any CPU.Build.0 = Debug|Any CPU
		{E79681E7-5029-0421-4AA5-2C0A7DA72D75}.Debug|x64.ActiveCfg = Debug|Any CPU
		{E79681E7-5029-0421-4AA5-2C0A7DA72D75}.Debug|x64.Build.0 = Debug|Any CPU
		{E79681E7-5029-0421-4AA5-2C0A7DA72D75}.Debug|x86.ActiveCfg = Debug|Any CPU
		{E79681E7-5029-0421-4AA5-2C0A7DA72D75}.Debug|x86.Build.0 = Debug|Any CPU
		{E79681E7-5029-0421-4AA5-2C0A7DA72D75}.Release|Any CPU.ActiveCfg = Release|Any CPU
		{E79681E7-5029-0421-4AA5-2C0A7DA72D75}.Release|Any CPU.Build.0 = Release|Any CPU
		{E79681E7-5029-0421-4AA5-2C0A7DA72D75}.Release|x64.ActiveCfg = Release|Any CPU
		{E79681E7-5029-0421-4AA5-2C0A7DA72D75}.Release|x64.Build.0 = Release|Any CPU
		{E79681E7-5029-0421-4AA5-2C0A7DA72D75}.Release|x86.ActiveCfg = Release|Any CPU
		{E79681E7-5029-0421-4AA5-2C0A7DA72D75}.Release|x86.Build.0 = Release|Any CPU
		{808CA1B5-3F29-42E0-AEF9-6B227FB4F3F5}.Debug|Any CPU.ActiveCfg = Debug|Any CPU
		{808CA1B5-3F29-42E0-AEF9-6B227FB4F3F5}.Debug|Any CPU.Build.0 = Debug|Any CPU
		{808CA1B5-3F29-42E0-AEF9-6B227FB4F3F5}.Debug|x64.ActiveCfg = Debug|Any CPU
		{808CA1B5-3F29-42E0-AEF9-6B227FB4F3F5}.Debug|x64.Build.0 = Debug|Any CPU
		{808CA1B5-3F29-42E0-AEF9-6B227FB4F3F5}.Debug|x86.ActiveCfg = Debug|Any CPU
		{808CA1B5-3F29-42E0-AEF9-6B227FB4F3F5}.Debug|x86.Build.0 = Debug|Any CPU
		{808CA1B5-3F29-42E0-AEF9-6B227FB4F3F5}.Release|Any CPU.ActiveCfg = Release|Any CPU
		{808CA1B5-3F29-42E0-AEF9-6B227FB4F3F5}.Release|Any CPU.Build.0 = Release|Any CPU
		{808CA1B5-3F29-42E0-AEF9-6B227FB4F3F5}.Release|x64.ActiveCfg = Release|Any CPU
		{808CA1B5-3F29-42E0-AEF9-6B227FB4F3F5}.Release|x64.Build.0 = Release|Any CPU
		{808CA1B5-3F29-42E0-AEF9-6B227FB4F3F5}.Release|x86.ActiveCfg = Release|Any CPU
		{808CA1B5-3F29-42E0-AEF9-6B227FB4F3F5}.Release|x86.Build.0 = Release|Any CPU
	EndGlobalSection
	GlobalSection(SolutionProperties) = preSolution
		HideSolutionNode = FALSE
	EndGlobalSection
	GlobalSection(ExtensibilityGlobals) = postSolution
		SolutionGuid = {B70076E6-4F4A-485B-BD32-49772C90065C}
	EndGlobalSection
EndGlobal
